Microsoft Visual Studio Solution File, Format Version 12.00
# Visual Studio 2012
Project("{CE41215A-2768-C0E7-FF92-46C9E495F73B}") = "Boids Flocking", "Assembly-CSharp.csproj", "{0782B992-C84C-025C-2338-C90043BEFBB8}"
EndProject
Project("{CE41215A-2768-C0E7-FF92-46C9E495F73B}") = "Boids Flocking", "Assembly-CSharp-Editor.csproj", "{A3323BD4-B647-AAE4-6BB7-795B99E719F9}"
EndProject
Global
	GlobalSection(SolutionConfigurationPlatforms) = preSolution
		Debug|Any CPU = Debug|Any CPU
		Release|Any CPU = Release|Any CPU
	EndGlobalSection
	GlobalSection(ProjectConfigurationPlatforms) = postSolution
		{0782B992-C84C-025C-2338-C90043BEFBB8}.Debug|Any CPU.ActiveCfg = Debug|Any CPU
		{0782B992-C84C-025C-2338-C90043BEFBB8}.Debug|Any CPU.Build.0 = Debug|Any CPU
		{0782B992-C84C-025C-2338-C90043BEFBB8}.Release|Any CPU.ActiveCfg = Release|Any CPU
		{0782B992-C84C-025C-2338-C90043BEFBB8}.Release|Any CPU.Build.0 = Release|Any CPU
		{A3323BD4-B647-AAE4-6BB7-795B99E719F9}.Debug|Any CPU.ActiveCfg = Debug|Any CPU
		{A3323BD4-B647-AAE4-6BB7-795B99E719F9}.Debug|Any CPU.Build.0 = Debug|Any CPU
		{A3323BD4-B647-AAE4-6BB7-795B99E719F9}.Release|Any CPU.ActiveCfg = Release|Any CPU
		{A3323BD4-B647-AAE4-6BB7-795B99E719F9}.Release|Any CPU.Build.0 = Release|Any CPU
	EndGlobalSection
	GlobalSection(MonoDevelopProperties) = preSolution
		StartupItem = Assembly-CSharp.csproj
	EndGlobalSection
EndGlobal
